{
  "name": "spfxhelper",
  "version": "1.5.1",
  "lockfileVersion": 1,
  "requires": true,
  "dependencies": {
    "@microsoft/sp-client-base": {
      "version": "1.0.0",
      "resolved": "https://registry.npmjs.org/@microsoft/sp-client-base/-/sp-client-base-1.0.0.tgz",
      "integrity": "sha1-ZhqTb2tRP+CIk/jPKUrxVLmqqKQ=",
      "requires": {
        "@types/es6-promise": "0.0.32",
        "@types/webpack-env": "1.13.0",
        "es6-promise": "3.1.2",
        "tiny-sha256": "1.0.2"
      }
    },
    "@microsoft/sp-core-library": {
      "version": "1.8.1",
      "resolved": "https://registry.npmjs.org/@microsoft/sp-core-library/-/sp-core-library-1.8.1.tgz",
      "integrity": "sha512-zgZwgcPmuf2CM7WJPT10UJ4XmvPI3UhThe8qfW2Rqh1gNlxGnrWMfsSOeR0i7sZ9R81HgRMgRVeMDW9kEanamg==",
      "requires": {
        "@microsoft/sp-lodash-subset": "1.8.1",
        "@microsoft/sp-module-interfaces": "1.8.1",
        "@types/es6-promise": "0.0.33",
        "@types/webpack-env": "1.13.1"
      },
      "dependencies": {
        "@types/es6-promise": {
          "version": "0.0.33",
          "resolved": "https://registry.npmjs.org/@types/es6-promise/-/es6-promise-0.0.33.tgz",
          "integrity": "sha512-HKJFVLCGrWQ/1unEw8JdaTxu6n3EUxmwTxJ6D0O1x0gD8joCsgoTWxEgevb7fp2XIogNjof3KEd+3bJoGne/nw=="
        },
        "@types/webpack-env": {
          "version": "1.13.1",
          "resolved": "https://registry.npmjs.org/@types/webpack-env/-/webpack-env-1.13.1.tgz",
          "integrity": "sha512-oHyg0NssP2RCpCvE35hhbSqMJRsc5lSW+GFe+Vc65JL+kHII1VMYM+0KeV/z4utFuUqPoQRmq8KMMp7ba0dj6Q=="
        }
      }
    },
    "@microsoft/sp-lodash-subset": {
      "version": "1.8.1",
      "resolved": "https://registry.npmjs.org/@microsoft/sp-lodash-subset/-/sp-lodash-subset-1.8.1.tgz",
      "integrity": "sha512-LAgscnTzEZ14v91QDLk1Er/XZnyaFLdgEvNxiOKYLTXLujnWY3Nl6cyX3pAVIuqg+dGNmhVrSBfT5plIGN70Tg==",
      "requires": {
        "@types/lodash": "4.14.117",
        "@types/webpack-env": "1.13.1",
        "tslib": "~1.9.3"
      },
      "dependencies": {
        "@types/webpack-env": {
          "version": "1.13.1",
          "resolved": "https://registry.npmjs.org/@types/webpack-env/-/webpack-env-1.13.1.tgz",
          "integrity": "sha512-oHyg0NssP2RCpCvE35hhbSqMJRsc5lSW+GFe+Vc65JL+kHII1VMYM+0KeV/z4utFuUqPoQRmq8KMMp7ba0dj6Q=="
        }
      }
    },
    "@microsoft/sp-module-interfaces": {
      "version": "1.8.1",
      "resolved": "https://registry.npmjs.org/@microsoft/sp-module-interfaces/-/sp-module-interfaces-1.8.1.tgz",
      "integrity": "sha512-uwQf89BOHbGmHiG1fwd0v9jh/SuwBFxrMEB2qUBsnKT9JQFGy1oHChTpfJxNQ09RYUaWk40LGWOChyocqt5v9Q==",
      "requires": {
        "@types/node": "8.5.8",
        "@types/z-schema": "3.16.31",
        "z-schema": "~3.18.3"
      }
    },
    "@types/es6-promise": {
      "version": "0.0.32",
      "resolved": "https://registry.npmjs.org/@types/es6-promise/-/es6-promise-0.0.32.tgz",
      "integrity": "sha1-O89E+x5Cnz33YYjIxth0Rjujcf0="
    },
    "@types/lodash": {
      "version": "4.14.117",
      "resolved": "https://registry.npmjs.org/@types/lodash/-/lodash-4.14.117.tgz",
      "integrity": "sha512-xyf2m6tRbz8qQKcxYZa7PA4SllYcay+eh25DN3jmNYY6gSTL7Htc/bttVdkqj2wfJGbeWlQiX8pIyJpKU+tubw=="
    },
    "@types/node": {
      "version": "8.5.8",
      "resolved": "https://registry.npmjs.org/@types/node/-/node-8.5.8.tgz",
      "integrity": "sha512-8KmlRxwbKZfjUHFIt3q8TF5S2B+/E5BaAoo/3mgc5h6FJzqxXkCK/VMetO+IRDtwtU6HUvovHMBn+XRj7SV9Qg=="
    },
    "@types/webpack-env": {
      "version": "1.13.0",
      "resolved": "https://registry.npmjs.org/@types/webpack-env/-/webpack-env-1.13.0.tgz",
      "integrity": "sha1-MEQ4FkfhHulzxa8uklMjkw9pHYA="
    },
    "@types/z-schema": {
      "version": "3.16.31",
      "resolved": "https://registry.npmjs.org/@types/z-schema/-/z-schema-3.16.31.tgz",
      "integrity": "sha1-LrHQCl5Ow/pYx2r94S4YK2bcXBw="
    },
    "commander": {
      "version": "2.20.0",
      "resolved": "https://registry.npmjs.org/commander/-/commander-2.20.0.tgz",
      "integrity": "sha512-7j2y+40w61zy6YC2iRNpUe/NwhNyoXrYpHMrSunaMG64nRnaf96zO/KMQR4OyN/UnE5KLyEBnKHd4aG3rskjpQ==",
      "optional": true
    },
    "es6-promise": {
      "version": "3.1.2",
      "resolved": "https://registry.npmjs.org/es6-promise/-/es6-promise-3.1.2.tgz",
      "integrity": "sha1-eV4lzrR/e6uyY9FRr77dktGOagc="
    },
    "lodash.get": {
      "version": "4.4.2",
      "resolved": "https://registry.npmjs.org/lodash.get/-/lodash.get-4.4.2.tgz",
      "integrity": "sha1-LRd/ZS+jHpObRDjVNBSZ36OCXpk="
    },
    "lodash.isequal": {
      "version": "4.5.0",
      "resolved": "https://registry.npmjs.org/lodash.isequal/-/lodash.isequal-4.5.0.tgz",
      "integrity": "sha1-QVxEePK8wwEgwizhDtMib30+GOA="
    },
    "tiny-sha256": {
      "version": "1.0.2",
      "resolved": "https://registry.npmjs.org/tiny-sha256/-/tiny-sha256-1.0.2.tgz",
      "integrity": "sha1-OyCnX3cJfc7Br1E/UYnCbsL1SZI="
    },
    "tslib": {
      "version": "1.9.3",
      "resolved": "https://registry.npmjs.org/tslib/-/tslib-1.9.3.tgz",
      "integrity": "sha512-4krF8scpejhaOgqzBEcGM7yDIEfi0/8+8zDRZhNZZ2kjmHJ4hv3zCbQWxoJGz1iw5U0Jl0nma13xzHXcncMavQ=="
    },
    "validator": {
      "version": "8.2.0",
      "resolved": "https://registry.npmjs.org/validator/-/validator-8.2.0.tgz",
      "integrity": "sha512-Yw5wW34fSv5spzTXNkokD6S6/Oq92d8q/t14TqsS3fAiA1RYnxSFSIZ+CY3n6PGGRCq5HhJTSepQvFUS2QUDxA=="
    },
    "z-schema": {
      "version": "3.18.4",
      "resolved": "https://registry.npmjs.org/z-schema/-/z-schema-3.18.4.tgz",
      "integrity": "sha512-DUOKC/IhbkdLKKiV89gw9DUauTV8U/8yJl1sjf6MtDmzevLKOF2duNJ495S3MFVjqZarr+qNGCPbkg4mu4PpLw==",
      "requires": {
        "commander": "^2.7.1",
        "lodash.get": "^4.0.0",
        "lodash.isequal": "^4.0.0",
        "validator": "^8.0.0"
      }
    }
  }
}
